
Microsoft Visual Studio Solution File, Format Version 12.00
# Visual Studio Version 16
VisualStudioVersion = 16.0.30717.126
MinimumVisualStudioVersion = 10.0.40219.1
Project("{8BC9CEB8-8B4A-11D0-8D11-00A0C91BC942}") = "smfl_project_2.0", "smfl_project_2.0\smfl_project_2.0.vcxproj", "{C994281A-9045-48B5-82E7-30D5C62423C2}"
EndProject
Global
	GlobalSection(SolutionConfigurationPlatforms) = preSolution
		Debug|x64 = Debug|x64
		Debug|x86 = Debug|x86
		Release|x64 = Release|x64
		Release|x86 = Release|x86
	EndGlobalSection
	GlobalSection(ProjectConfigurationPlatforms) = postSolution
		{C994281A-9045-48B5-82E7-30D5C62423C2}.Debug|x64.ActiveCfg = Debug|x64
		{C994281A-9045-48B5-82E7-30D5C62423C2}.Debug|x64.Build.0 = Debug|x64
		{C994281A-9045-48B5-82E7-30D5C62423C2}.Debug|x86.ActiveCfg = Debug|Win32
		{C994281A-9045-48B5-82E7-30D5C62423C2}.Debug|x86.Build.0 = Debug|Win32
		{C994281A-9045-48B5-82E7-30D5C62423C2}.Release|x64.ActiveCfg = Release|x64
		{C994281A-9045-48B5-82E7-30D5C62423C2}.Release|x64.Build.0 = Release|x64
		{C994281A-9045-48B5-82E7-30D5C62423C2}.Release|x86.ActiveCfg = Release|Win32
		{C994281A-9045-48B5-82E7-30D5C62423C2}.Release|x86.Build.0 = Release|Win32
	EndGlobalSection
	GlobalSection(SolutionProperties) = preSolution
		HideSolutionNode = FALSE
	EndGlobalSection
	GlobalSection(ExtensibilityGlobals) = postSolution
		SolutionGuid = {DBF6A9E5-642D-42E2-8E92-D539C3E82700}
	EndGlobalSection
EndGlobal
